
Microsoft Visual Studio Solution File, Format Version 12.00
# Visual Studio 15
VisualStudioVersion = 15.0.28010.2026
MinimumVisualStudioVersion = 10.0.40219.1
Project("{FAE04EC0-301F-11D3-BF4B-00C04F79EFBC}") = "EventLogParser", "EventLogParser\EventLogParser.csproj", "{68C2D365-1ABA-4727-96AF-2ED5EFED4837}"
EndProject
Global
	GlobalSection(SolutionConfigurationPlatforms) = preSolution
		Debug|Any CPU = Debug|Any CPU
		Release|Any CPU = Release|Any CPU
	EndGlobalSection
	GlobalSection(ProjectConfigurationPlatforms) = postSolution
		{68C2D365-1ABA-4727-96AF-2ED5EFED4837}.Debug|Any CPU.ActiveCfg = Debug|Any CPU
		{68C2D365-1ABA-4727-96AF-2ED5EFED4837}.Debug|Any CPU.Build.0 = Debug|Any CPU
		{68C2D365-1ABA-4727-96AF-2ED5EFED4837}.Release|Any CPU.ActiveCfg = Release|Any CPU
		{68C2D365-1ABA-4727-96AF-2ED5EFED4837}.Release|Any CPU.Build.0 = Release|Any CPU
	EndGlobalSection
	GlobalSection(SolutionProperties) = preSolution
		HideSolutionNode = FALSE
	EndGlobalSection
	GlobalSection(ExtensibilityGlobals) = postSolution
		SolutionGuid = {1F0F0002-865B-4004-BD73-7F54CFA3385E}
	EndGlobalSection
EndGlobal
